
Microsoft Visual Studio Solution File, Format Version 12.00
# Visual Studio Version 17
VisualStudioVersion = 17.4.33213.308
MinimumVisualStudioVersion = 10.0.40219.1
Project("{FAE04EC0-301F-11D3-BF4B-00C04F79EFBC}") = "SIMPLE CALCULATOR", "SIMPLE CALCULATOR.csproj", "{0DA93D0E-3F3B-4EBC-9DF1-1A17144E086C}"
EndProject
Global
	GlobalSection(SolutionConfigurationPlatforms) = preSolution
		Debug|Any CPU = Debug|Any CPU
		Release|Any CPU = Release|Any CPU
	EndGlobalSection
	GlobalSection(ProjectConfigurationPlatforms) = postSolution
		{0DA93D0E-3F3B-4EBC-9DF1-1A17144E086C}.Debug|Any CPU.ActiveCfg = Debug|Any CPU
		{0DA93D0E-3F3B-4EBC-9DF1-1A17144E086C}.Debug|Any CPU.Build.0 = Debug|Any CPU
		{0DA93D0E-3F3B-4EBC-9DF1-1A17144E086C}.Release|Any CPU.ActiveCfg = Release|Any CPU
		{0DA93D0E-3F3B-4EBC-9DF1-1A17144E086C}.Release|Any CPU.Build.0 = Release|Any CPU
	EndGlobalSection
	GlobalSection(SolutionProperties) = preSolution
		HideSolutionNode = FALSE
	EndGlobalSection
	GlobalSection(ExtensibilityGlobals) = postSolution
		SolutionGuid = {5147AB32-43EA-451D-974F-24CA77D37D76}
	EndGlobalSection
EndGlobal
